// !$*UTF8*$!
{
	archiveVersion = 1;
	classes = {
	};
	objectVersion = 46;
	objects = {

/* Begin PBXBuildFile section */
		340166311E6485B3003CADFF /* DetailsViewController.swift in Sources */ = {isa = PBXBuildFile; fileRef = 340166301E6485B3003CADFF /* DetailsViewController.swift */; };
		34269D3F1E5F374D006B1B55 /* AppDelegate.swift in Sources */ = {isa = PBXBuildFile; fileRef = 34269D3E1E5F374D006B1B55 /* AppDelegate.swift */; };
		34269D411E5F374D006B1B55 /* ViewController.swift in Sources */ = {isa = PBXBuildFile; fileRef = 34269D401E5F374D006B1B55 /* ViewController.swift */; };
		34269D441E5F374D006B1B55 /* Main.storyboard in Resources */ = {isa = PBXBuildFile; fileRef = 34269D421E5F374D006B1B55 /* Main.storyboard */; };
		34269D461E5F374D006B1B55 /* Assets.xcassets in Resources */ = {isa = PBXBuildFile; fileRef = 34269D451E5F374D006B1B55 /* Assets.xcassets */; };
		34269D491E5F374D006B1B55 /* LaunchScreen.storyboard in Resources */ = {isa = PBXBuildFile; fileRef = 34269D471E5F374D006B1B55 /* LaunchScreen.storyboard */; };
		34340FBD1E68748C00E9997D /* AddGroceryItemViewController.swift in Sources */ = {isa = PBXBuildFile; fileRef = 34340FBC1E68748C00E9997D /* AddGroceryItemViewController.swift */; };
		348988D81E65D1AA000C803E /* GrocryDataModel.xcdatamodeld in Sources */ = {isa = PBXBuildFile; fileRef = 348988D61E65D1AA000C803E /* GrocryDataModel.xcdatamodeld */; };
		348988DC1E65D55A000C803E /* AddGroceryCategoryViewController.swift in Sources */ = {isa = PBXBuildFile; fileRef = 348988DB1E65D55A000C803E /* AddGroceryCategoryViewController.swift */; };
		348988DE1E65E4DF000C803E /* GroceryCategoriesTableViewController.swift in Sources */ = {isa = PBXBuildFile; fileRef = 348988DD1E65E4DF000C803E /* GroceryCategoriesTableViewController.swift */; };
/* End PBXBuildFile section */

/* Begin PBXFileReference section */
		340166301E6485B3003CADFF /* DetailsViewController.swift */ = {isa = PBXFileReference; fileEncoding = 4; lastKnownFileType = sourcecode.swift; path = DetailsViewController.swift; sourceTree = "<group>"; };
		34269D3B1E5F374D006B1B55 /* HoustonJanuary2017-Swift.app */ = {isa = PBXFileReference; explicitFileType = wrapper.application; includeInIndex = 0; path = "HoustonJanuary2017-Swift.app"; sourceTree = BUILT_PRODUCTS_DIR; };
		34269D3E1E5F374D006B1B55 /* AppDelegate.swift */ = {isa = PBXFileReference; lastKnownFileType = sourcecode.swift; path = AppDelegate.swift; sourceTree = "<group>"; };
		34269D401E5F374D006B1B55 /* ViewController.swift */ = {isa = PBXFileReference; lastKnownFileType = sourcecode.swift; path = ViewController.swift; sourceTree = "<group>"; };
		34269D431E5F374D006B1B55 /* Base */ = {isa = PBXFileReference; lastKnownFileType = file.storyboard; name = Base; path = Base.lproj/Main.storyboard; sourceTree = "<group>"; };
		34269D451E5F374D006B1B55 /* Assets.xcassets */ = {isa = PBXFileReference; lastKnownFileType = folder.assetcatalog; path = Assets.xcassets; sourceTree = "<group>"; };
		34269D481E5F374D006B1B55 /* Base */ = {isa = PBXFileReference; lastKnownFileType = file.storyboard; name = Base; path = Base.lproj/LaunchScreen.storyboard; sourceTree = "<group>"; };
		34269D4A1E5F374D006B1B55 /* Info.plist */ = {isa = PBXFileReference; lastKnownFileType = text.plist.xml; path = Info.plist; sourceTree = "<group>"; };
		34269D511E5F38E7006B1B55 /* MyPlayground.playground */ = {isa = PBXFileReference; lastKnownFileType = file.playground; path = MyPlayground.playground; sourceTree = "<group>"; };
		34340FBC1E68748C00E9997D /* AddGroceryItemViewController.swift */ = {isa = PBXFileReference; fileEncoding = 4; lastKnownFileType = sourcecode.swift; path = AddGroceryItemViewController.swift; sourceTree = "<group>"; };
		348988D71E65D1AA000C803E /* GrocryDataModel.xcdatamodel */ = {isa = PBXFileReference; lastKnownFileType = wrapper.xcdatamodel; path = GrocryDataModel.xcdatamodel; sourceTree = "<group>"; };
		348988DB1E65D55A000C803E /* AddGroceryCategoryViewController.swift */ = {isa = PBXFileReference; fileEncoding = 4; lastKnownFileType = sourcecode.swift; path = AddGroceryCategoryViewController.swift; sourceTree = "<group>"; };
		348988DD1E65E4DF000C803E /* GroceryCategoriesTableViewController.swift */ = {isa = PBXFileReference; fileEncoding = 4; lastKnownFileType = sourcecode.swift; path = GroceryCategoriesTableViewController.swift; sourceTree = "<group>"; };
/* End PBXFileReference section */

/* Begin PBXFrameworksBuildPhase section */
		34269D381E5F374D006B1B55 /* Frameworks */ = {
			isa = PBXFrameworksBuildPhase;
			buildActionMask = 2147483647;
			files = (
			);
			runOnlyForDeploymentPostprocessing = 0;
		};
/* End PBXFrameworksBuildPhase section */

/* Begin PBXGroup section */
		34269D321E5F374D006B1B55 = {
			isa = PBXGroup;
			children = (
				34269D3D1E5F374D006B1B55 /* HoustonJanuary2017-Swift */,
				34269D3C1E5F374D006B1B55 /* Products */,
			);
			sourceTree = "<group>";
		};
		34269D3C1E5F374D006B1B55 /* Products */ = {
			isa = PBXGroup;
			children = (
				34269D3B1E5F374D006B1B55 /* HoustonJanuary2017-Swift.app */,
			);
			name = Products;
			sourceTree = "<group>";
		};
		34269D3D1E5F374D006B1B55 /* HoustonJanuary2017-Swift */ = {
			isa = PBXGroup;
			children = (
				348988FD1E672FA1000C803E /* Week 5 */,
				34269D3E1E5F374D006B1B55 /* AppDelegate.swift */,
				34269D401E5F374D006B1B55 /* ViewController.swift */,
				34269D421E5F374D006B1B55 /* Main.storyboard */,
				34269D451E5F374D006B1B55 /* Assets.xcassets */,
				34269D471E5F374D006B1B55 /* LaunchScreen.storyboard */,
				34269D4A1E5F374D006B1B55 /* Info.plist */,
				34269D511E5F38E7006B1B55 /* MyPlayground.playground */,
				340166301E6485B3003CADFF /* DetailsViewController.swift */,
			);
			path = "HoustonJanuary2017-Swift";
			sourceTree = "<group>";
		};
		348988FD1E672FA1000C803E /* Week 5 */ = {
			isa = PBXGroup;
			children = (
				348988FE1E672FAA000C803E /* Core-Data */,
			);
			name = "Week 5";
			sourceTree = "<group>";
		};
		348988FE1E672FAA000C803E /* Core-Data */ = {
			isa = PBXGroup;
			children = (
				348988D61E65D1AA000C803E /* GrocryDataModel.xcdatamodeld */,
				348988DB1E65D55A000C803E /* AddGroceryCategoryViewController.swift */,
				348988DD1E65E4DF000C803E /* GroceryCategoriesTableViewController.swift */,
				34340FBC1E68748C00E9997D /* AddGroceryItemViewController.swift */,
			);
			name = "Core-Data";
			sourceTree = "<group>";
		};
/* End PBXGroup section */

/* Begin PBXNativeTarget section */
		34269D3A1E5F374D006B1B55 /* HoustonJanuary2017-Swift */ = {
			isa = PBXNativeTarget;
			buildConfigurationList = 34269D4D1E5F374D006B1B55 /* Build configuration list for PBXNativeTarget "HoustonJanuary2017-Swift" */;
			buildPhases = (
				34269D371E5F374D006B1B55 /* Sources */,
				34269D381E5F374D006B1B55 /* Frameworks */,
				34269D391E5F374D006B1B55 /* Resources */,
			);
			buildRules = (
			);
			dependencies = (
			);
			name = "HoustonJanuary2017-Swift";
			productName = "HoustonJanuary2017-Swift";
			productReference = 34269D3B1E5F374D006B1B55 /* HoustonJanuary2017-Swift.app */;
			productType = "com.apple.product-type.application";
		};
/* End PBXNativeTarget section */

/* Begin PBXProject section */
		34269D331E5F374D006B1B55 /* Project object */ = {
			isa = PBXProject;
			attributes = {
				LastSwiftUpdateCheck = 0820;
				LastUpgradeCheck = 0820;
				ORGANIZATIONNAME = "Mohammad Azam";
				TargetAttributes = {
					34269D3A1E5F374D006B1B55 = {
						CreatedOnToolsVersion = 8.2;
						DevelopmentTeam = B2Q8EGNCQA;
						ProvisioningStyle = Automatic;
					};
				};
			};
			buildConfigurationList = 34269D361E5F374D006B1B55 /* Build configuration list for PBXProject "HoustonJanuary2017-Swift" */;
			compatibilityVersion = "Xcode 3.2";
			developmentRegion = English;
			hasScannedForEncodings = 0;
			knownRegions = (
				en,
				Base,
			);
			mainGroup = 34269D321E5F374D006B1B55;
			productRefGroup = 34269D3C1E5F374D006B1B55 /* Products */;
			projectDirPath = "";
			projectRoot = "";
			targets = (
				34269D3A1E5F374D006B1B55 /* HoustonJanuary2017-Swift */,
			);
		};
/* End PBXProject section */

/* Begin PBXResourcesBuildPhase section */
		34269D391E5F374D006B1B55 /* Resources */ = {
			isa = PBXResourcesBuildPhase;
			buildActionMask = 2147483647;
			files = (
				34269D491E5F374D006B1B55 /* LaunchScreen.storyboard in Resources */,
				34269D461E5F374D006B1B55 /* Assets.xcassets in Resources */,
				34269D441E5F374D006B1B55 /* Main.storyboard in Resources */,
			);
			runOnlyForDeploymentPostprocessing = 0;
		};
/* End PBXResourcesBuildPhase section */

/* Begin PBXSourcesBuildPhase section */
		34269D371E5F374D006B1B55 /* Sources */ = {
			isa = PBXSourcesBuildPhase;
			buildActionMask = 2147483647;
			files = (
				34340FBD1E68748C00E9997D /* AddGroceryItemViewController.swift in Sources */,
				348988DC1E65D55A000C803E /* AddGroceryCategoryViewController.swift in Sources */,
				348988DE1E65E4DF000C803E /* GroceryCategoriesTableViewController.swift in Sources */,
				34269D411E5F374D006B1B55 /* ViewController.swift in Sources */,
				348988D81E65D1AA000C803E /* GrocryDataModel.xcdatamodeld in Sources */,
				34269D3F1E5F374D006B1B55 /* AppDelegate.swift in Sources */,
				340166311E6485B3003CADFF /* DetailsViewController.swift in Sources */,
			);
			runOnlyForDeploymentPostprocessing = 0;
		};
/* End PBXSourcesBuildPhase section */

/* Begin PBXVariantGroup section */
		34269D421E5F374D006B1B55 /* Main.storyboard */ = {
			isa = PBXVariantGroup;
			children = (
				34269D431E5F374D006B1B55 /* Base */,
			);
			name = Main.storyboard;
			sourceTree = "<group>";
		};
		34269D471E5F374D006B1B55 /* LaunchScreen.storyboard */ = {
			isa = PBXVariantGroup;
			children = (
				34269D481E5F374D006B1B55 /* Base */,
			);
			name = LaunchScreen.storyboard;
			sourceTree = "<group>";
		};
/* End PBXVariantGroup section */

/* Begin XCBuildConfiguration section */
		34269D4B1E5F374D006B1B55 /* Debug */ = {
			isa = XCBuildConfiguration;
			buildSettings = {
				ALWAYS_SEARCH_USER_PATHS = NO;
				CLANG_ANALYZER_NONNULL = YES;
				CLANG_CXX_LANGUAGE_STANDARD = "gnu++0x";
				CLANG_CXX_LIBRARY = "libc++";
				CLANG_ENABLE_MODULES = YES;
				CLANG_ENABLE_OBJC_ARC = YES;
				CLANG_WARN_BOOL_CONVERSION = YES;
				CLANG_WARN_CONSTANT_CONVERSION = YES;
				CLANG_WARN_DIRECT_OBJC_ISA_USAGE = YES_ERROR;
				CLANG_WARN_DOCUMENTATION_COMMENTS = YES;
				CLANG_WARN_EMPTY_BODY = YES;
				CLANG_WARN_ENUM_CONVERSION = YES;
				CLANG_WARN_INFINITE_RECURSION = YES;
				CLANG_WARN_INT_CONVERSION = YES;
				CLANG_WARN_OBJC_ROOT_CLASS = YES_ERROR;
				CLANG_WARN_SUSPICIOUS_MOVE = YES;
				CLANG_WARN_UNREACHABLE_CODE = YES;
				CLANG_WARN__DUPLICATE_METHOD_MATCH = YES;
				"CODE_SIGN_IDENTITY[sdk=iphoneos*]" = "iPhone Developer";
				COPY_PHASE_STRIP = NO;
				DEBUG_INFORMATION_FORMAT = dwarf;
				ENABLE_STRICT_OBJC_MSGSEND = YES;
				ENABLE_TESTABILITY = YES;
				GCC_C_LANGUAGE_STANDARD = gnu99;
				GCC_DYNAMIC_NO_PIC = NO;
				GCC_NO_COMMON_BLOCKS = YES;
				GCC_OPTIMIZATION_LEVEL = 0;
				GCC_PREPROCESSOR_DEFINITIONS = (
					"DEBUG=1",
					"$(inherited)",
				);
				GCC_WARN_64_TO_32_BIT_CONVERSION = YES;
				GCC_WARN_ABOUT_RETURN_TYPE = YES_ERROR;
				GCC_WARN_UNDECLARED_SELECTOR = YES;
				GCC_WARN_UNINITIALIZED_AUTOS = YES_AGGRESSIVE;
				GCC_WARN_UNUSED_FUNCTION = YES;
				GCC_WARN_UNUSED_VARIABLE = YES;
				IPHONEOS_DEPLOYMENT_TARGET = 10.2;
				MTL_ENABLE_DEBUG_INFO = YES;
				ONLY_ACTIVE_ARCH = YES;
				SDKROOT = iphoneos;
				SWIFT_ACTIVE_COMPILATION_CONDITIONS = DEBUG;
				SWIFT_OPTIMIZATION_LEVEL = "-Onone";
				TARGETED_DEVICE_FAMILY = "1,2";
			};
			name = Debug;
		};
		34269D4C1E5F374D006B1B55 /* Release */ = {
			isa = XCBuildConfiguration;
			buildSettings = {
				ALWAYS_SEARCH_USER_PATHS = NO;
				CLANG_ANALYZER_NONNULL = YES;
				CLANG_CXX_LANGUAGE_STANDARD = "gnu++0x";
				CLANG_CXX_LIBRARY = "libc++";
				CLANG_ENABLE_MODULES = YES;
				CLANG_ENABLE_OBJC_ARC = YES;
				CLANG_WARN_BOOL_CONVERSION = YES;
				CLANG_WARN_CONSTANT_CONVERSION = YES;
				CLANG_WARN_DIRECT_OBJC_ISA_USAGE = YES_ERROR;
				CLANG_WARN_DOCUMENTATION_COMMENTS = YES;
				CLANG_WARN_EMPTY_BODY = YES;
				CLANG_WARN_ENUM_CONVERSION = YES;
				CLANG_WARN_INFINITE_RECURSION = YES;
				CLANG_WARN_INT_CONVERSION = YES;
				CLANG_WARN_OBJC_ROOT_CLASS = YES_ERROR;
				CLANG_WARN_SUSPICIOUS_MOVE = YES;
				CLANG_WARN_UNREACHABLE_CODE = YES;
				CLANG_WARN__DUPLICATE_METHOD_MATCH = YES;
				"CODE_SIGN_IDENTITY[sdk=iphoneos*]" = "iPhone Developer";
				COPY_PHASE_STRIP = NO;
				DEBUG_INFORMATION_FORMAT = "dwarf-with-dsym";
				ENABLE_NS_ASSERTIONS = NO;
				ENABLE_STRICT_OBJC_MSGSEND = YES;
				GCC_C_LANGUAGE_STANDARD = gnu99;
				GCC_NO_COMMON_BLOCKS = YES;
				GCC_WARN_64_TO_32_BIT_CONVERSION = YES;
				GCC_WARN_ABOUT_RETURN_TYPE = YES_ERROR;
				GCC_WARN_UNDECLARED_SELECTOR = YES;
				GCC_WARN_UNINITIALIZED_AUTOS = YES_AGGRESSIVE;
				GCC_WARN_UNUSED_FUNCTION = YES;
				GCC_WARN_UNUSED_VARIABLE = YES;
				IPHONEOS_DEPLOYMENT_TARGET = 10.2;
				MTL_ENABLE_DEBUG_INFO = NO;
				SDKROOT = iphoneos;
				SWIFT_OPTIMIZATION_LEVEL = "-Owholemodule";
				TARGETED_DEVICE_FAMILY = "1,2";
				VALIDATE_PRODUCT = YES;
			};
			name = Release;
		};
		34269D4E1E5F374D006B1B55 /* Debug */ = {
			isa = XCBuildConfiguration;
			buildSettings = {
				ASSETCATALOG_COMPILER_APPICON_NAME = AppIcon;
				DEVELOPMENT_TEAM = B2Q8EGNCQA;
				INFOPLIST_FILE = "HoustonJanuary2017-Swift/Info.plist";
				LD_RUNPATH_SEARCH_PATHS = "$(inherited) @executable_path/Frameworks";
				PRODUCT_BUNDLE_IDENTIFIER = "com.azamsharp.HoustonJanuary2017-Swift";
				PRODUCT_NAME = "$(TARGET_NAME)";
				SWIFT_VERSION = 3.0;
			};
			name = Debug;
		};
		34269D4F1E5F374D006B1B55 /* Release */ = {
			isa = XCBuildConfiguration;
			buildSettings = {
				ASSETCATALOG_COMPILER_APPICON_NAME = AppIcon;
				DEVELOPMENT_TEAM = B2Q8EGNCQA;
				INFOPLIST_FILE = "HoustonJanuary2017-Swift/Info.plist";
				LD_RUNPATH_SEARCH_PATHS = "$(inherited) @executable_path/Frameworks";
				PRODUCT_BUNDLE_IDENTIFIER = "com.azamsharp.HoustonJanuary2017-Swift";
				PRODUCT_NAME = "$(TARGET_NAME)";
				SWIFT_VERSION = 3.0;
			};
			name = Release;
		};
/* End XCBuildConfiguration section */

/* Begin XCConfigurationList section */
		34269D361E5F374D006B1B55 /* Build configuration list for PBXProject "HoustonJanuary2017-Swift" */ = {
			isa = XCConfigurationList;
			buildConfigurations = (
				34269D4B1E5F374D006B1B55 /* Debug */,
				34269D4C1E5F374D006B1B55 /* Release */,
			);
			defaultConfigurationIsVisible = 0;
			defaultConfigurationName = Release;
		};
		34269D4D1E5F374D006B1B55 /* Build configuration list for PBXNativeTarget "HoustonJanuary2017-Swift" */ = {
			isa = XCConfigurationList;
			buildConfigurations = (
				34269D4E1E5F374D006B1B55 /* Debug */,
				34269D4F1E5F374D006B1B55 /* Release */,
			);
			defaultConfigurationIsVisible = 0;
			defaultConfigurationName = Release;
		};
/* End XCConfigurationList section */

/* Begin XCVersionGroup section */
		348988D61E65D1AA000C803E /* GrocryDataModel.xcdatamodeld */ = {
			isa = XCVersionGroup;
			children = (
				348988D71E65D1AA000C803E /* GrocryDataModel.xcdatamodel */,
			);
			currentVersion = 348988D71E65D1AA000C803E /* GrocryDataModel.xcdatamodel */;
			path = GrocryDataModel.xcdatamodeld;
			sourceTree = "<group>";
			versionGroupType = wrapper.xcdatamodel;
		};
/* End XCVersionGroup section */
	};
	rootObject = 34269D331E5F374D006B1B55 /* Project object */;
}
